// !$*UTF8*$!
{
	archiveVersion = 1;
	classes = {
	};
	objectVersion = 48;
	objects = {

/* Begin PBXBuildFile section */
		A62933E720809FEA00E44CBF /* AppDelegate.swift in Sources */ = {isa = PBXBuildFile; fileRef = A62933E620809FEA00E44CBF /* AppDelegate.swift */; };
		A62933EC20809FEA00E44CBF /* Main.storyboard in Resources */ = {isa = PBXBuildFile; fileRef = A62933EA20809FEA00E44CBF /* Main.storyboard */; };
		A62933EE20809FEA00E44CBF /* Assets.xcassets in Resources */ = {isa = PBXBuildFile; fileRef = A62933ED20809FEA00E44CBF /* Assets.xcassets */; };
		A62933F120809FEA00E44CBF /* LaunchScreen.storyboard in Resources */ = {isa = PBXBuildFile; fileRef = A62933EF20809FEA00E44CBF /* LaunchScreen.storyboard */; };
		A62933FC20809FEB00E44CBF /* FoodPinTests.swift in Sources */ = {isa = PBXBuildFile; fileRef = A62933FB20809FEB00E44CBF /* FoodPinTests.swift */; };
		A629340720809FEB00E44CBF /* FoodPinUITests.swift in Sources */ = {isa = PBXBuildFile; fileRef = A629340620809FEB00E44CBF /* FoodPinUITests.swift */; };
		A62934152080A2D400E44CBF /* RestaurantTableViewController.swift in Sources */ = {isa = PBXBuildFile; fileRef = A62934142080A2D400E44CBF /* RestaurantTableViewController.swift */; };
		A62934172089D3AD00E44CBF /* RestaurantTableViewCell.swift in Sources */ = {isa = PBXBuildFile; fileRef = A62934162089D3AD00E44CBF /* RestaurantTableViewCell.swift */; };
		A62934192089DF7300E44CBF /* RestaurantDetailViewController.swift in Sources */ = {isa = PBXBuildFile; fileRef = A62934182089DF7300E44CBF /* RestaurantDetailViewController.swift */; };
		A6F130BE20A5302200C4DEB6 /* estaurant1TableViewController.swift in Sources */ = {isa = PBXBuildFile; fileRef = A6F130BD20A5302200C4DEB6 /* estaurant1TableViewController.swift */; };
		A6F130C020A533B700C4DEB6 /* Restaurant1TableViewCell.swift in Sources */ = {isa = PBXBuildFile; fileRef = A6F130BF20A533B700C4DEB6 /* Restaurant1TableViewCell.swift */; };
		A6F130C220A537DD00C4DEB6 /* Restaurant1ViewController.swift in Sources */ = {isa = PBXBuildFile; fileRef = A6F130C120A537DD00C4DEB6 /* Restaurant1ViewController.swift */; };
/* End PBXBuildFile section */

/* Begin PBXContainerItemProxy section */
		A62933F820809FEB00E44CBF /* PBXContainerItemProxy */ = {
			isa = PBXContainerItemProxy;
			containerPortal = A62933DB20809FEA00E44CBF /* Project object */;
			proxyType = 1;
			remoteGlobalIDString = A62933E220809FEA00E44CBF;
			remoteInfo = FoodPin;
		};
		A629340320809FEB00E44CBF /* PBXContainerItemProxy */ = {
			isa = PBXContainerItemProxy;
			containerPortal = A62933DB20809FEA00E44CBF /* Project object */;
			proxyType = 1;
			remoteGlobalIDString = A62933E220809FEA00E44CBF;
			remoteInfo = FoodPin;
		};
/* End PBXContainerItemProxy section */

/* Begin PBXFileReference section */
		A62933E320809FEA00E44CBF /* FoodPin.app */ = {isa = PBXFileReference; explicitFileType = wrapper.application; includeInIndex = 0; path = FoodPin.app; sourceTree = BUILT_PRODUCTS_DIR; };
		A62933E620809FEA00E44CBF /* AppDelegate.swift */ = {isa = PBXFileReference; lastKnownFileType = sourcecode.swift; path = AppDelegate.swift; sourceTree = "<group>"; };
		A62933EB20809FEA00E44CBF /* Base */ = {isa = PBXFileReference; lastKnownFileType = file.storyboard; name = Base; path = Base.lproj/Main.storyboard; sourceTree = "<group>"; };
		A62933ED20809FEA00E44CBF /* Assets.xcassets */ = {isa = PBXFileReference; lastKnownFileType = folder.assetcatalog; path = Assets.xcassets; sourceTree = "<group>"; };
		A62933F020809FEA00E44CBF /* Base */ = {isa = PBXFileReference; lastKnownFileType = file.storyboard; name = Base; path = Base.lproj/LaunchScreen.storyboard; sourceTree = "<group>"; };
		A62933F220809FEB00E44CBF /* Info.plist */ = {isa = PBXFileReference; lastKnownFileType = text.plist.xml; path = Info.plist; sourceTree = "<group>"; };
		A62933F720809FEB00E44CBF /* FoodPinTests.xctest */ = {isa = PBXFileReference; explicitFileType = wrapper.cfbundle; includeInIndex = 0; path = FoodPinTests.xctest; sourceTree = BUILT_PRODUCTS_DIR; };
		A62933FB20809FEB00E44CBF /* FoodPinTests.swift */ = {isa = PBXFileReference; lastKnownFileType = sourcecode.swift; path = FoodPinTests.swift; sourceTree = "<group>"; };
		A62933FD20809FEB00E44CBF /* Info.plist */ = {isa = PBXFileReference; lastKnownFileType = text.plist.xml; path = Info.plist; sourceTree = "<group>"; };
		A629340220809FEB00E44CBF /* FoodPinUITests.xctest */ = {isa = PBXFileReference; explicitFileType = wrapper.cfbundle; includeInIndex = 0; path = FoodPinUITests.xctest; sourceTree = BUILT_PRODUCTS_DIR; };
		A629340620809FEB00E44CBF /* FoodPinUITests.swift */ = {isa = PBXFileReference; lastKnownFileType = sourcecode.swift; path = FoodPinUITests.swift; sourceTree = "<group>"; };
		A629340820809FEB00E44CBF /* Info.plist */ = {isa = PBXFileReference; lastKnownFileType = text.plist.xml; path = Info.plist; sourceTree = "<group>"; };
		A62934142080A2D400E44CBF /* RestaurantTableViewController.swift */ = {isa = PBXFileReference; lastKnownFileType = sourcecode.swift; path = RestaurantTableViewController.swift; sourceTree = "<group>"; };
		A62934162089D3AD00E44CBF /* RestaurantTableViewCell.swift */ = {isa = PBXFileReference; lastKnownFileType = sourcecode.swift; path = RestaurantTableViewCell.swift; sourceTree = "<group>"; };
		A62934182089DF7300E44CBF /* RestaurantDetailViewController.swift */ = {isa = PBXFileReference; lastKnownFileType = sourcecode.swift; path = RestaurantDetailViewController.swift; sourceTree = "<group>"; };
		A6F130BD20A5302200C4DEB6 /* estaurant1TableViewController.swift */ = {isa = PBXFileReference; lastKnownFileType = sourcecode.swift; path = estaurant1TableViewController.swift; sourceTree = "<group>"; };
		A6F130BF20A533B700C4DEB6 /* Restaurant1TableViewCell.swift */ = {isa = PBXFileReference; lastKnownFileType = sourcecode.swift; path = Restaurant1TableViewCell.swift; sourceTree = "<group>"; };
		A6F130C120A537DD00C4DEB6 /* Restaurant1ViewController.swift */ = {isa = PBXFileReference; lastKnownFileType = sourcecode.swift; path = Restaurant1ViewController.swift; sourceTree = "<group>"; };
/* End PBXFileReference section */

/* Begin PBXFrameworksBuildPhase section */
		A62933E020809FEA00E44CBF /* Frameworks */ = {
			isa = PBXFrameworksBuildPhase;
			buildActionMask = 2147483647;
			files = (
			);
			runOnlyForDeploymentPostprocessing = 0;
		};
		A62933F420809FEB00E44CBF /* Frameworks */ = {
			isa = PBXFrameworksBuildPhase;
			buildActionMask = 2147483647;
			files = (
			);
			runOnlyForDeploymentPostprocessing = 0;
		};
		A62933FF20809FEB00E44CBF /* Frameworks */ = {
			isa = PBXFrameworksBuildPhase;
			buildActionMask = 2147483647;
			files = (
			);
			runOnlyForDeploymentPostprocessing = 0;
		};
/* End PBXFrameworksBuildPhase section */

/* Begin PBXGroup section */
		A62933DA20809FEA00E44CBF = {
			isa = PBXGroup;
			children = (
				A62933E520809FEA00E44CBF /* FoodPin */,
				A62933FA20809FEB00E44CBF /* FoodPinTests */,
				A629340520809FEB00E44CBF /* FoodPinUITests */,
				A62933E420809FEA00E44CBF /* Products */,
			);
			sourceTree = "<group>";
		};
		A62933E420809FEA00E44CBF /* Products */ = {
			isa = PBXGroup;
			children = (
				A62933E320809FEA00E44CBF /* FoodPin.app */,
				A62933F720809FEB00E44CBF /* FoodPinTests.xctest */,
				A629340220809FEB00E44CBF /* FoodPinUITests.xctest */,
			);
			name = Products;
			sourceTree = "<group>";
		};
		A62933E520809FEA00E44CBF /* FoodPin */ = {
			isa = PBXGroup;
			children = (
				A62933E620809FEA00E44CBF /* AppDelegate.swift */,
				A62933EA20809FEA00E44CBF /* Main.storyboard */,
				A6F130BF20A533B700C4DEB6 /* Restaurant1TableViewCell.swift */,
				A6F130BD20A5302200C4DEB6 /* estaurant1TableViewController.swift */,
				A6F130C120A537DD00C4DEB6 /* Restaurant1ViewController.swift */,
				A62933ED20809FEA00E44CBF /* Assets.xcassets */,
				A62933EF20809FEA00E44CBF /* LaunchScreen.storyboard */,
				A62933F220809FEB00E44CBF /* Info.plist */,
				A62934142080A2D400E44CBF /* RestaurantTableViewController.swift */,
				A62934162089D3AD00E44CBF /* RestaurantTableViewCell.swift */,
				A62934182089DF7300E44CBF /* RestaurantDetailViewController.swift */,
			);
			path = FoodPin;
			sourceTree = "<group>";
		};
		A62933FA20809FEB00E44CBF /* FoodPinTests */ = {
			isa = PBXGroup;
			children = (
				A62933FB20809FEB00E44CBF /* FoodPinTests.swift */,
				A62933FD20809FEB00E44CBF /* Info.plist */,
			);
			path = FoodPinTests;
			sourceTree = "<group>";
		};
		A629340520809FEB00E44CBF /* FoodPinUITests */ = {
			isa = PBXGroup;
			children = (
				A629340620809FEB00E44CBF /* FoodPinUITests.swift */,
				A629340820809FEB00E44CBF /* Info.plist */,
			);
			path = FoodPinUITests;
			sourceTree = "<group>";
		};
/* End PBXGroup section */

/* Begin PBXNativeTarget section */
		A62933E220809FEA00E44CBF /* FoodPin */ = {
			isa = PBXNativeTarget;
			buildConfigurationList = A629340B20809FEB00E44CBF /* Build configuration list for PBXNativeTarget "FoodPin" */;
			buildPhases = (
				A62933DF20809FEA00E44CBF /* Sources */,
				A62933E020809FEA00E44CBF /* Frameworks */,
				A62933E120809FEA00E44CBF /* Resources */,
			);
			buildRules = (
			);
			dependencies = (
			);
			name = FoodPin;
			productName = FoodPin;
			productReference = A62933E320809FEA00E44CBF /* FoodPin.app */;
			productType = "com.apple.product-type.application";
		};
		A62933F620809FEB00E44CBF /* FoodPinTests */ = {
			isa = PBXNativeTarget;
			buildConfigurationList = A629340E20809FEB00E44CBF /* Build configuration list for PBXNativeTarget "FoodPinTests" */;
			buildPhases = (
				A62933F320809FEB00E44CBF /* Sources */,
				A62933F420809FEB00E44CBF /* Frameworks */,
				A62933F520809FEB00E44CBF /* Resources */,
			);
			buildRules = (
			);
			dependencies = (
				A62933F920809FEB00E44CBF /* PBXTargetDependency */,
			);
			name = FoodPinTests;
			productName = FoodPinTests;
			productReference = A62933F720809FEB00E44CBF /* FoodPinTests.xctest */;
			productType = "com.apple.product-type.bundle.unit-test";
		};
		A629340120809FEB00E44CBF /* FoodPinUITests */ = {
			isa = PBXNativeTarget;
			buildConfigurationList = A629341120809FEB00E44CBF /* Build configuration list for PBXNativeTarget "FoodPinUITests" */;
			buildPhases = (
				A62933FE20809FEB00E44CBF /* Sources */,
				A62933FF20809FEB00E44CBF /* Frameworks */,
				A629340020809FEB00E44CBF /* Resources */,
			);
			buildRules = (
			);
			dependencies = (
				A629340420809FEB00E44CBF /* PBXTargetDependency */,
			);
			name = FoodPinUITests;
			productName = FoodPinUITests;
			productReference = A629340220809FEB00E44CBF /* FoodPinUITests.xctest */;
			productType = "com.apple.product-type.bundle.ui-testing";
		};
/* End PBXNativeTarget section */

/* Begin PBXProject section */
		A62933DB20809FEA00E44CBF /* Project object */ = {
			isa = PBXProject;
			attributes = {
				LastSwiftUpdateCheck = 0920;
				LastUpgradeCheck = 0920;
				ORGANIZATIONNAME = Stephen;
				TargetAttributes = {
					A62933E220809FEA00E44CBF = {
						CreatedOnToolsVersion = 9.2;
						ProvisioningStyle = Automatic;
					};
					A62933F620809FEB00E44CBF = {
						CreatedOnToolsVersion = 9.2;
						ProvisioningStyle = Automatic;
						TestTargetID = A62933E220809FEA00E44CBF;
					};
					A629340120809FEB00E44CBF = {
						CreatedOnToolsVersion = 9.2;
						ProvisioningStyle = Automatic;
						TestTargetID = A62933E220809FEA00E44CBF;
					};
				};
			};
			buildConfigurationList = A62933DE20809FEA00E44CBF /* Build configuration list for PBXProject "FoodPin" */;
			compatibilityVersion = "Xcode 8.0";
			developmentRegion = en;
			hasScannedForEncodings = 0;
			knownRegions = (
				en,
				Base,
			);
			mainGroup = A62933DA20809FEA00E44CBF;
			productRefGroup = A62933E420809FEA00E44CBF /* Products */;
			projectDirPath = "";
			projectRoot = "";
			targets = (
				A62933E220809FEA00E44CBF /* FoodPin */,
				A62933F620809FEB00E44CBF /* FoodPinTests */,
				A629340120809FEB00E44CBF /* FoodPinUITests */,
			);
		};
/* End PBXProject section */

/* Begin PBXResourcesBuildPhase section */
		A62933E120809FEA00E44CBF /* Resources */ = {
			isa = PBXResourcesBuildPhase;
			buildActionMask = 2147483647;
			files = (
				A62933F120809FEA00E44CBF /* LaunchScreen.storyboard in Resources */,
				A62933EE20809FEA00E44CBF /* Assets.xcassets in Resources */,
				A62933EC20809FEA00E44CBF /* Main.storyboard in Resources */,
			);
			runOnlyForDeploymentPostprocessing = 0;
		};
		A62933F520809FEB00E44CBF /* Resources */ = {
			isa = PBXResourcesBuildPhase;
			buildActionMask = 2147483647;
			files = (
			);
			runOnlyForDeploymentPostprocessing = 0;
		};
		A629340020809FEB00E44CBF /* Resources */ = {
			isa = PBXResourcesBuildPhase;
			buildActionMask = 2147483647;
			files = (
			);
			runOnlyForDeploymentPostprocessing = 0;
		};
/* End PBXResourcesBuildPhase section */

/* Begin PBXSourcesBuildPhase section */
		A62933DF20809FEA00E44CBF /* Sources */ = {
			isa = PBXSourcesBuildPhase;
			buildActionMask = 2147483647;
			files = (
				A6F130C020A533B700C4DEB6 /* Restaurant1TableViewCell.swift in Sources */,
				A62934152080A2D400E44CBF /* RestaurantTableViewController.swift in Sources */,
				A6F130BE20A5302200C4DEB6 /* estaurant1TableViewController.swift in Sources */,
				A62934172089D3AD00E44CBF /* RestaurantTableViewCell.swift in Sources */,
				A6F130C220A537DD00C4DEB6 /* Restaurant1ViewController.swift in Sources */,
				A62934192089DF7300E44CBF /* RestaurantDetailViewController.swift in Sources */,
				A62933E720809FEA00E44CBF /* AppDelegate.swift in Sources */,
			);
			runOnlyForDeploymentPostprocessing = 0;
		};
		A62933F320809FEB00E44CBF /* Sources */ = {
			isa = PBXSourcesBuildPhase;
			buildActionMask = 2147483647;
			files = (
				A62933FC20809FEB00E44CBF /* FoodPinTests.swift in Sources */,
			);
			runOnlyForDeploymentPostprocessing = 0;
		};
		A62933FE20809FEB00E44CBF /* Sources */ = {
			isa = PBXSourcesBuildPhase;
			buildActionMask = 2147483647;
			files = (
				A629340720809FEB00E44CBF /* FoodPinUITests.swift in Sources */,
			);
			runOnlyForDeploymentPostprocessing = 0;
		};
/* End PBXSourcesBuildPhase section */

/* Begin PBXTargetDependency section */
		A62933F920809FEB00E44CBF /* PBXTargetDependency */ = {
			isa = PBXTargetDependency;
			target = A62933E220809FEA00E44CBF /* FoodPin */;
			targetProxy = A62933F820809FEB00E44CBF /* PBXContainerItemProxy */;
		};
		A629340420809FEB00E44CBF /* PBXTargetDependency */ = {
			isa = PBXTargetDependency;
			target = A62933E220809FEA00E44CBF /* FoodPin */;
			targetProxy = A629340320809FEB00E44CBF /* PBXContainerItemProxy */;
		};
/* End PBXTargetDependency section */

/* Begin PBXVariantGroup section */
		A62933EA20809FEA00E44CBF /* Main.storyboard */ = {
			isa = PBXVariantGroup;
			children = (
				A62933EB20809FEA00E44CBF /* Base */,
			);
			name = Main.storyboard;
			sourceTree = "<group>";
		};
		A62933EF20809FEA00E44CBF /* LaunchScreen.storyboard */ = {
			isa = PBXVariantGroup;
			children = (
				A62933F020809FEA00E44CBF /* Base */,
			);
			name = LaunchScreen.storyboard;
			sourceTree = "<group>";
		};
/* End PBXVariantGroup section */

/* Begin XCBuildConfiguration section */
		A629340920809FEB00E44CBF /* Debug */ = {
			isa = XCBuildConfiguration;
			buildSettings = {
				ALWAYS_SEARCH_USER_PATHS = NO;
				CLANG_ANALYZER_NONNULL = YES;
				CLANG_ANALYZER_NUMBER_OBJECT_CONVERSION = YES_AGGRESSIVE;
				CLANG_CXX_LANGUAGE_STANDARD = "gnu++14";
				CLANG_CXX_LIBRARY = "libc++";
				CLANG_ENABLE_MODULES = YES;
				CLANG_ENABLE_OBJC_ARC = YES;
				CLANG_WARN_BLOCK_CAPTURE_AUTORELEASING = YES;
				CLANG_WARN_BOOL_CONVERSION = YES;
				CLANG_WARN_COMMA = YES;
				CLANG_WARN_CONSTANT_CONVERSION = YES;
				CLANG_WARN_DIRECT_OBJC_ISA_USAGE = YES_ERROR;
				CLANG_WARN_DOCUMENTATION_COMMENTS = YES;
				CLANG_WARN_EMPTY_BODY = YES;
				CLANG_WARN_ENUM_CONVERSION = YES;
				CLANG_WARN_INFINITE_RECURSION = YES;
				CLANG_WARN_INT_CONVERSION = YES;
				CLANG_WARN_NON_LITERAL_NULL_CONVERSION = YES;
				CLANG_WARN_OBJC_LITERAL_CONVERSION = YES;
				CLANG_WARN_OBJC_ROOT_CLASS = YES_ERROR;
				CLANG_WARN_RANGE_LOOP_ANALYSIS = YES;
				CLANG_WARN_STRICT_PROTOTYPES = YES;
				CLANG_WARN_SUSPICIOUS_MOVE = YES;
				CLANG_WARN_UNGUARDED_AVAILABILITY = YES_AGGRESSIVE;
				CLANG_WARN_UNREACHABLE_CODE = YES;
				CLANG_WARN__DUPLICATE_METHOD_MATCH = YES;
				CODE_SIGN_IDENTITY = "iPhone Developer";
				COPY_PHASE_STRIP = NO;
				DEBUG_INFORMATION_FORMAT = dwarf;
				ENABLE_STRICT_OBJC_MSGSEND = YES;
				ENABLE_TESTABILITY = YES;
				GCC_C_LANGUAGE_STANDARD = gnu11;
				GCC_DYNAMIC_NO_PIC = NO;
				GCC_NO_COMMON_BLOCKS = YES;
				GCC_OPTIMIZATION_LEVEL = 0;
				GCC_PREPROCESSOR_DEFINITIONS = (
					"DEBUG=1",
					"$(inherited)",
				);
				GCC_WARN_64_TO_32_BIT_CONVERSION = YES;
				GCC_WARN_ABOUT_RETURN_TYPE = YES_ERROR;
				GCC_WARN_UNDECLARED_SELECTOR = YES;
				GCC_WARN_UNINITIALIZED_AUTOS = YES_AGGRESSIVE;
				GCC_WARN_UNUSED_FUNCTION = YES;
				GCC_WARN_UNUSED_VARIABLE = YES;
				IPHONEOS_DEPLOYMENT_TARGET = 11.2;
				MTL_ENABLE_DEBUG_INFO = YES;
				ONLY_ACTIVE_ARCH = YES;
				SDKROOT = iphoneos;
				SWIFT_ACTIVE_COMPILATION_CONDITIONS = DEBUG;
				SWIFT_OPTIMIZATION_LEVEL = "-Onone";
			};
			name = Debug;
		};
		A629340A20809FEB00E44CBF /* Release */ = {
			isa = XCBuildConfiguration;
			buildSettings = {
				ALWAYS_SEARCH_USER_PATHS = NO;
				CLANG_ANALYZER_NONNULL = YES;
				CLANG_ANALYZER_NUMBER_OBJECT_CONVERSION = YES_AGGRESSIVE;
				CLANG_CXX_LANGUAGE_STANDARD = "gnu++14";
				CLANG_CXX_LIBRARY = "libc++";
				CLANG_ENABLE_MODULES = YES;
				CLANG_ENABLE_OBJC_ARC = YES;
				CLANG_WARN_BLOCK_CAPTURE_AUTORELEASING = YES;
				CLANG_WARN_BOOL_CONVERSION = YES;
				CLANG_WARN_COMMA = YES;
				CLANG_WARN_CONSTANT_CONVERSION = YES;
				CLANG_WARN_DIRECT_OBJC_ISA_USAGE = YES_ERROR;
				CLANG_WARN_DOCUMENTATION_COMMENTS = YES;
				CLANG_WARN_EMPTY_BODY = YES;
				CLANG_WARN_ENUM_CONVERSION = YES;
				CLANG_WARN_INFINITE_RECURSION = YES;
				CLANG_WARN_INT_CONVERSION = YES;
				CLANG_WARN_NON_LITERAL_NULL_CONVERSION = YES;
				CLANG_WARN_OBJC_LITERAL_CONVERSION = YES;
				CLANG_WARN_OBJC_ROOT_CLASS = YES_ERROR;
				CLANG_WARN_RANGE_LOOP_ANALYSIS = YES;
				CLANG_WARN_STRICT_PROTOTYPES = YES;
				CLANG_WARN_SUSPICIOUS_MOVE = YES;
				CLANG_WARN_UNGUARDED_AVAILABILITY = YES_AGGRESSIVE;
				CLANG_WARN_UNREACHABLE_CODE = YES;
				CLANG_WARN__DUPLICATE_METHOD_MATCH = YES;
				CODE_SIGN_IDENTITY = "iPhone Developer";
				COPY_PHASE_STRIP = NO;
				DEBUG_INFORMATION_FORMAT = "dwarf-with-dsym";
				ENABLE_NS_ASSERTIONS = NO;
				ENABLE_STRICT_OBJC_MSGSEND = YES;
				GCC_C_LANGUAGE_STANDARD = gnu11;
				GCC_NO_COMMON_BLOCKS = YES;
				GCC_WARN_64_TO_32_BIT_CONVERSION = YES;
				GCC_WARN_ABOUT_RETURN_TYPE = YES_ERROR;
				GCC_WARN_UNDECLARED_SELECTOR = YES;
				GCC_WARN_UNINITIALIZED_AUTOS = YES_AGGRESSIVE;
				GCC_WARN_UNUSED_FUNCTION = YES;
				GCC_WARN_UNUSED_VARIABLE = YES;
				IPHONEOS_DEPLOYMENT_TARGET = 11.2;
				MTL_ENABLE_DEBUG_INFO = NO;
				SDKROOT = iphoneos;
				SWIFT_OPTIMIZATION_LEVEL = "-Owholemodule";
				VALIDATE_PRODUCT = YES;
			};
			name = Release;
		};
		A629340C20809FEB00E44CBF /* Debug */ = {
			isa = XCBuildConfiguration;
			buildSettings = {
				ASSETCATALOG_COMPILER_APPICON_NAME = AppIcon;
				CODE_SIGN_STYLE = Automatic;
				INFOPLIST_FILE = FoodPin/Info.plist;
				LD_RUNPATH_SEARCH_PATHS = "$(inherited) @executable_path/Frameworks";
				PRODUCT_BUNDLE_IDENTIFIER = NCNU.CSIE.FoodPin;
				PRODUCT_NAME = "$(TARGET_NAME)";
				SWIFT_VERSION = 4.0;
				TARGETED_DEVICE_FAMILY = "1,2";
			};
			name = Debug;
		};
		A629340D20809FEB00E44CBF /* Release */ = {
			isa = XCBuildConfiguration;
			buildSettings = {
				ASSETCATALOG_COMPILER_APPICON_NAME = AppIcon;
				CODE_SIGN_STYLE = Automatic;
				INFOPLIST_FILE = FoodPin/Info.plist;
				LD_RUNPATH_SEARCH_PATHS = "$(inherited) @executable_path/Frameworks";
				PRODUCT_BUNDLE_IDENTIFIER = NCNU.CSIE.FoodPin;
				PRODUCT_NAME = "$(TARGET_NAME)";
				SWIFT_VERSION = 4.0;
				TARGETED_DEVICE_FAMILY = "1,2";
			};
			name = Release;
		};
		A629340F20809FEB00E44CBF /* Debug */ = {
			isa = XCBuildConfiguration;
			buildSettings = {
				ALWAYS_EMBED_SWIFT_STANDARD_LIBRARIES = YES;
				BUNDLE_LOADER = "$(TEST_HOST)";
				CODE_SIGN_STYLE = Automatic;
				INFOPLIST_FILE = FoodPinTests/Info.plist;
				LD_RUNPATH_SEARCH_PATHS = "$(inherited) @executable_path/Frameworks @loader_path/Frameworks";
				PRODUCT_BUNDLE_IDENTIFIER = NCNU.CSIE.FoodPinTests;
				PRODUCT_NAME = "$(TARGET_NAME)";
				SWIFT_VERSION = 4.0;
				TARGETED_DEVICE_FAMILY = "1,2";
				TEST_HOST = "$(BUILT_PRODUCTS_DIR)/FoodPin.app/FoodPin";
			};
			name = Debug;
		};
		A629341020809FEB00E44CBF /* Release */ = {
			isa = XCBuildConfiguration;
			buildSettings = {
				ALWAYS_EMBED_SWIFT_STANDARD_LIBRARIES = YES;
				BUNDLE_LOADER = "$(TEST_HOST)";
				CODE_SIGN_STYLE = Automatic;
				INFOPLIST_FILE = FoodPinTests/Info.plist;
				LD_RUNPATH_SEARCH_PATHS = "$(inherited) @executable_path/Frameworks @loader_path/Frameworks";
				PRODUCT_BUNDLE_IDENTIFIER = NCNU.CSIE.FoodPinTests;
				PRODUCT_NAME = "$(TARGET_NAME)";
				SWIFT_VERSION = 4.0;
				TARGETED_DEVICE_FAMILY = "1,2";
				TEST_HOST = "$(BUILT_PRODUCTS_DIR)/FoodPin.app/FoodPin";
			};
			name = Release;
		};
		A629341220809FEB00E44CBF /* Debug */ = {
			isa = XCBuildConfiguration;
			buildSettings = {
				ALWAYS_EMBED_SWIFT_STANDARD_LIBRARIES = YES;
				CODE_SIGN_STYLE = Automatic;
				INFOPLIST_FILE = FoodPinUITests/Info.plist;
				LD_RUNPATH_SEARCH_PATHS = "$(inherited) @executable_path/Frameworks @loader_path/Frameworks";
				PRODUCT_BUNDLE_IDENTIFIER = NCNU.CSIE.FoodPinUITests;
				PRODUCT_NAME = "$(TARGET_NAME)";
				SWIFT_VERSION = 4.0;
				TARGETED_DEVICE_FAMILY = "1,2";
				TEST_TARGET_NAME = FoodPin;
			};
			name = Debug;
		};
		A629341320809FEB00E44CBF /* Release */ = {
			isa = XCBuildConfiguration;
			buildSettings = {
				ALWAYS_EMBED_SWIFT_STANDARD_LIBRARIES = YES;
				CODE_SIGN_STYLE = Automatic;
				INFOPLIST_FILE = FoodPinUITests/Info.plist;
				LD_RUNPATH_SEARCH_PATHS = "$(inherited) @executable_path/Frameworks @loader_path/Frameworks";
				PRODUCT_BUNDLE_IDENTIFIER = NCNU.CSIE.FoodPinUITests;
				PRODUCT_NAME = "$(TARGET_NAME)";
				SWIFT_VERSION = 4.0;
				TARGETED_DEVICE_FAMILY = "1,2";
				TEST_TARGET_NAME = FoodPin;
			};
			name = Release;
		};
/* End XCBuildConfiguration section */

/* Begin XCConfigurationList section */
		A62933DE20809FEA00E44CBF /* Build configuration list for PBXProject "FoodPin" */ = {
			isa = XCConfigurationList;
			buildConfigurations = (
				A629340920809FEB00E44CBF /* Debug */,
				A629340A20809FEB00E44CBF /* Release */,
			);
			defaultConfigurationIsVisible = 0;
			defaultConfigurationName = Release;
		};
		A629340B20809FEB00E44CBF /* Build configuration list for PBXNativeTarget "FoodPin" */ = {
			isa = XCConfigurationList;
			buildConfigurations = (
				A629340C20809FEB00E44CBF /* Debug */,
				A629340D20809FEB00E44CBF /* Release */,
			);
			defaultConfigurationIsVisible = 0;
			defaultConfigurationName = Release;
		};
		A629340E20809FEB00E44CBF /* Build configuration list for PBXNativeTarget "FoodPinTests" */ = {
			isa = XCConfigurationList;
			buildConfigurations = (
				A629340F20809FEB00E44CBF /* Debug */,
				A629341020809FEB00E44CBF /* Release */,
			);
			defaultConfigurationIsVisible = 0;
			defaultConfigurationName = Release;
		};
		A629341120809FEB00E44CBF /* Build configuration list for PBXNativeTarget "FoodPinUITests" */ = {
			isa = XCConfigurationList;
			buildConfigurations = (
				A629341220809FEB00E44CBF /* Debug */,
				A629341320809FEB00E44CBF /* Release */,
			);
			defaultConfigurationIsVisible = 0;
			defaultConfigurationName = Release;
		};
/* End XCConfigurationList section */
	};
	rootObject = A62933DB20809FEA00E44CBF /* Project object */;
}
